
Microsoft Visual Studio Solution File, Format Version 12.00
# Visual Studio Version 17
VisualStudioVersion = 17.1.32328.378
MinimumVisualStudioVersion = 10.0.40219.1
Project("{9A19103F-16F7-4668-BE54-9A1E7A4F7556}") = "Class 1th", "Class 1th.csproj", "{D764859F-6CB7-4529-94BB-59BD6A1AC2AD}"
EndProject
Project("{FAE04EC0-301F-11D3-BF4B-00C04F79EFBC}") = "Class 2th", "..\Class 2th\Class 2th.csproj", "{578488E1-93B3-42D0-B6D2-5C3D4F503B27}"
EndProject
Global
	GlobalSection(SolutionConfigurationPlatforms) = preSolution
		Debug|Any CPU = Debug|Any CPU
		Release|Any CPU = Release|Any CPU
	EndGlobalSection
	GlobalSection(ProjectConfigurationPlatforms) = postSolution
		{D764859F-6CB7-4529-94BB-59BD6A1AC2AD}.Debug|Any CPU.ActiveCfg = Debug|Any CPU
		{D764859F-6CB7-4529-94BB-59BD6A1AC2AD}.Debug|Any CPU.Build.0 = Debug|Any CPU
		{D764859F-6CB7-4529-94BB-59BD6A1AC2AD}.Release|Any CPU.ActiveCfg = Release|Any CPU
		{D764859F-6CB7-4529-94BB-59BD6A1AC2AD}.Release|Any CPU.Build.0 = Release|Any CPU
		{578488E1-93B3-42D0-B6D2-5C3D4F503B27}.Debug|Any CPU.ActiveCfg = Debug|Any CPU
		{578488E1-93B3-42D0-B6D2-5C3D4F503B27}.Debug|Any CPU.Build.0 = Debug|Any CPU
		{578488E1-93B3-42D0-B6D2-5C3D4F503B27}.Release|Any CPU.ActiveCfg = Release|Any CPU
		{578488E1-93B3-42D0-B6D2-5C3D4F503B27}.Release|Any CPU.Build.0 = Release|Any CPU
	EndGlobalSection
	GlobalSection(SolutionProperties) = preSolution
		HideSolutionNode = FALSE
	EndGlobalSection
	GlobalSection(ExtensibilityGlobals) = postSolution
		SolutionGuid = {BD77470B-3001-4BA7-9E44-036EAB12D0A4}
	EndGlobalSection
EndGlobal
